// !$*UTF8*$!
{
	archiveVersion = 1;
	classes = {
	};
	objectVersion = 46;
	objects = {

/* Begin PBXBuildFile section */
		BBC35E561B90E7F700D8D436 /* main.m in Sources */ = {isa = PBXBuildFile; fileRef = BBC35E551B90E7F700D8D436 /* main.m */; };
/* End PBXBuildFile section */

/* Begin PBXCopyFilesBuildPhase section */
		BBC35E501B90E7F700D8D436 /* CopyFiles */ = {
			isa = PBXCopyFilesBuildPhase;
			buildActionMask = 2147483647;
			dstPath = /usr/share/man/man1/;
			dstSubfolderSpec = 0;
			files = (
			);
			runOnlyForDeploymentPostprocessing = 1;
		};
/* End PBXCopyFilesBuildPhase section */

/* Begin PBXFileReference section */
		BBC35E521B90E7F700D8D436 /* ObjectiveCTutorialProduct */ = {isa = PBXFileReference; explicitFileType = "compiled.mach-o.executable"; includeInIndex = 0; path = ObjectiveCTutorialProduct; sourceTree = BUILT_PRODUCTS_DIR; };
		BBC35E551B90E7F700D8D436 /* main.m */ = {isa = PBXFileReference; lastKnownFileType = sourcecode.c.objc; path = main.m; sourceTree = "<group>"; };
/* End PBXFileReference section */

/* Begin PBXFrameworksBuildPhase section */
		BBC35E4F1B90E7F700D8D436 /* Frameworks */ = {
			isa = PBXFrameworksBuildPhase;
			buildActionMask = 2147483647;
			files = (
			);
			runOnlyForDeploymentPostprocessing = 0;
		};
/* End PBXFrameworksBuildPhase section */

/* Begin PBXGroup section */
		BBC35E491B90E7F700D8D436 = {
			isa = PBXGroup;
			children = (
				BBC35E541B90E7F700D8D436 /* ObjectiveCTutorialProduct */,
				BBC35E531B90E7F700D8D436 /* Products */,
			);
			sourceTree = "<group>";
		};
		BBC35E531B90E7F700D8D436 /* Products */ = {
			isa = PBXGroup;
			children = (
				BBC35E521B90E7F700D8D436 /* ObjectiveCTutorialProduct */,
			);
			name = Products;
			sourceTree = "<group>";
		};
		BBC35E541B90E7F700D8D436 /* ObjectiveCTutorialProduct */ = {
			isa = PBXGroup;
			children = (
				BBC35E551B90E7F700D8D436 /* main.m */,
			);
			path = ObjectiveCTutorialProduct;
			sourceTree = "<group>";
		};
/* End PBXGroup section */

/* Begin PBXNativeTarget section */
		BBC35E511B90E7F700D8D436 /* ObjectiveCTutorialProduct */ = {
			isa = PBXNativeTarget;
			buildConfigurationList = BBC35E591B90E7F700D8D436 /* Build configuration list for PBXNativeTarget "ObjectiveCTutorialProduct" */;
			buildPhases = (
				BBC35E4E1B90E7F700D8D436 /* Sources */,
				BBC35E4F1B90E7F700D8D436 /* Frameworks */,
				BBC35E501B90E7F700D8D436 /* CopyFiles */,
			);
			buildRules = (
			);
			dependencies = (
			);
			name = ObjectiveCTutorialProduct;
			productName = ObjectiveCTutorialProduct;
			productReference = BBC35E521B90E7F700D8D436 /* ObjectiveCTutorialProduct */;
			productType = "com.apple.product-type.tool";
		};
/* End PBXNativeTarget section */

/* Begin PBXProject section */
		BBC35E4A1B90E7F700D8D436 /* Project object */ = {
			isa = PBXProject;
			attributes = {
				LastUpgradeCheck = 0640;
				ORGANIZATIONNAME = mayelespino;
				TargetAttributes = {
					BBC35E511B90E7F700D8D436 = {
						CreatedOnToolsVersion = 6.4;
					};
				};
			};
			buildConfigurationList = BBC35E4D1B90E7F700D8D436 /* Build configuration list for PBXProject "ObjectiveCTutorialProduct" */;
			compatibilityVersion = "Xcode 3.2";
			developmentRegion = English;
			hasScannedForEncodings = 0;
			knownRegions = (
				en,
			);
			mainGroup = BBC35E491B90E7F700D8D436;
			productRefGroup = BBC35E531B90E7F700D8D436 /* Products */;
			projectDirPath = "";
			projectRoot = "";
			targets = (
				BBC35E511B90E7F700D8D436 /* ObjectiveCTutorialProduct */,
			);
		};
/* End PBXProject section */

/* Begin PBXSourcesBuildPhase section */
		BBC35E4E1B90E7F700D8D436 /* Sources */ = {
			isa = PBXSourcesBuildPhase;
			buildActionMask = 2147483647;
			files = (
				BBC35E561B90E7F700D8D436 /* main.m in Sources */,
			);
			runOnlyForDeploymentPostprocessing = 0;
		};
/* End PBXSourcesBuildPhase section */

/* Begin XCBuildConfiguration section */
		BBC35E571B90E7F700D8D436 /* Debug */ = {
			isa = XCBuildConfiguration;
			buildSettings = {
				ALWAYS_SEARCH_USER_PATHS = NO;
				CLANG_CXX_LANGUAGE_STANDARD = "gnu++0x";
				CLANG_CXX_LIBRARY = "libc++";
				CLANG_ENABLE_MODULES = YES;
				CLANG_ENABLE_OBJC_ARC = YES;
				CLANG_WARN_BOOL_CONVERSION = YES;
				CLANG_WARN_CONSTANT_CONVERSION = YES;
				CLANG_WARN_DIRECT_OBJC_ISA_USAGE = YES_ERROR;
				CLANG_WARN_EMPTY_BODY = YES;
				CLANG_WARN_ENUM_CONVERSION = YES;
				CLANG_WARN_INT_CONVERSION = YES;
				CLANG_WARN_OBJC_ROOT_CLASS = YES_ERROR;
				CLANG_WARN_UNREACHABLE_CODE = YES;
				CLANG_WARN__DUPLICATE_METHOD_MATCH = YES;
				COPY_PHASE_STRIP = NO;
				DEBUG_INFORMATION_FORMAT = dwarf;
				ENABLE_STRICT_OBJC_MSGSEND = YES;
				GCC_C_LANGUAGE_STANDARD = gnu99;
				GCC_DYNAMIC_NO_PIC = NO;
				GCC_NO_COMMON_BLOCKS = YES;
				GCC_OPTIMIZATION_LEVEL = 0;
				GCC_PREPROCESSOR_DEFINITIONS = (
					"DEBUG=1",
					"$(inherited)",
				);
				GCC_SYMBOLS_PRIVATE_EXTERN = NO;
				GCC_WARN_64_TO_32_BIT_CONVERSION = YES;
				GCC_WARN_ABOUT_RETURN_TYPE = YES_ERROR;
				GCC_WARN_UNDECLARED_SELECTOR = YES;
				GCC_WARN_UNINITIALIZED_AUTOS = YES_AGGRESSIVE;
				GCC_WARN_UNUSED_FUNCTION = YES;
				GCC_WARN_UNUSED_VARIABLE = YES;
				MACOSX_DEPLOYMENT_TARGET = 10.10;
				MTL_ENABLE_DEBUG_INFO = YES;
				ONLY_ACTIVE_ARCH = YES;
				SDKROOT = macosx;
			};
			name = Debug;
		};
		BBC35E581B90E7F700D8D436 /* Release */ = {
			isa = XCBuildConfiguration;
			buildSettings = {
				ALWAYS_SEARCH_USER_PATHS = NO;
				CLANG_CXX_LANGUAGE_STANDARD = "gnu++0x";
				CLANG_CXX_LIBRARY = "libc++";
				CLANG_ENABLE_MODULES = YES;
				CLANG_ENABLE_OBJC_ARC = YES;
				CLANG_WARN_BOOL_CONVERSION = YES;
				CLANG_WARN_CONSTANT_CONVERSION = YES;
				CLANG_WARN_DIRECT_OBJC_ISA_USAGE = YES_ERROR;
				CLANG_WARN_EMPTY_BODY = YES;
				CLANG_WARN_ENUM_CONVERSION = YES;
				CLANG_WARN_INT_CONVERSION = YES;
				CLANG_WARN_OBJC_ROOT_CLASS = YES_ERROR;
				CLANG_WARN_UNREACHABLE_CODE = YES;
				CLANG_WARN__DUPLICATE_METHOD_MATCH = YES;
				COPY_PHASE_STRIP = NO;
				DEBUG_INFORMATION_FORMAT = "dwarf-with-dsym";
				ENABLE_NS_ASSERTIONS = NO;
				ENABLE_STRICT_OBJC_MSGSEND = YES;
				GCC_C_LANGUAGE_STANDARD = gnu99;
				GCC_NO_COMMON_BLOCKS = YES;
				GCC_WARN_64_TO_32_BIT_CONVERSION = YES;
				GCC_WARN_ABOUT_RETURN_TYPE = YES_ERROR;
				GCC_WARN_UNDECLARED_SELECTOR = YES;
				GCC_WARN_UNINITIALIZED_AUTOS = YES_AGGRESSIVE;
				GCC_WARN_UNUSED_FUNCTION = YES;
				GCC_WARN_UNUSED_VARIABLE = YES;
				MACOSX_DEPLOYMENT_TARGET = 10.10;
				MTL_ENABLE_DEBUG_INFO = NO;
				SDKROOT = macosx;
			};
			name = Release;
		};
		BBC35E5A1B90E7F700D8D436 /* Debug */ = {
			isa = XCBuildConfiguration;
			buildSettings = {
				PRODUCT_NAME = "$(TARGET_NAME)";
			};
			name = Debug;
		};
		BBC35E5B1B90E7F700D8D436 /* Release */ = {
			isa = XCBuildConfiguration;
			buildSettings = {
				PRODUCT_NAME = "$(TARGET_NAME)";
			};
			name = Release;
		};
/* End XCBuildConfiguration section */

/* Begin XCConfigurationList section */
		BBC35E4D1B90E7F700D8D436 /* Build configuration list for PBXProject "ObjectiveCTutorialProduct" */ = {
			isa = XCConfigurationList;
			buildConfigurations = (
				BBC35E571B90E7F700D8D436 /* Debug */,
				BBC35E581B90E7F700D8D436 /* Release */,
			);
			defaultConfigurationIsVisible = 0;
			defaultConfigurationName = Release;
		};
		BBC35E591B90E7F700D8D436 /* Build configuration list for PBXNativeTarget "ObjectiveCTutorialProduct" */ = {
			isa = XCConfigurationList;
			buildConfigurations = (
				BBC35E5A1B90E7F700D8D436 /* Debug */,
				BBC35E5B1B90E7F700D8D436 /* Release */,
			);
			defaultConfigurationIsVisible = 0;
		};
/* End XCConfigurationList section */
	};
	rootObject = BBC35E4A1B90E7F700D8D436 /* Project object */;
}
