// !$*UTF8*$!
{
	archiveVersion = 1;
	classes = {
	};
	objectVersion = 46;
	objects = {

/* Begin PBXBuildFile section */
		BB56A3521F46B2FF005A0271 /* AppDelegate.swift in Sources */ = {isa = PBXBuildFile; fileRef = BB56A3511F46B2FF005A0271 /* AppDelegate.swift */; };
		BB56A3541F46B2FF005A0271 /* ViewController.swift in Sources */ = {isa = PBXBuildFile; fileRef = BB56A3531F46B2FF005A0271 /* ViewController.swift */; };
		BB56A3571F46B2FF005A0271 /* Main.storyboard in Resources */ = {isa = PBXBuildFile; fileRef = BB56A3551F46B2FF005A0271 /* Main.storyboard */; };
		BB56A3591F46B2FF005A0271 /* Assets.xcassets in Resources */ = {isa = PBXBuildFile; fileRef = BB56A3581F46B2FF005A0271 /* Assets.xcassets */; };
		BB56A35C1F46B2FF005A0271 /* LaunchScreen.storyboard in Resources */ = {isa = PBXBuildFile; fileRef = BB56A35A1F46B2FF005A0271 /* LaunchScreen.storyboard */; };
/* End PBXBuildFile section */

/* Begin PBXFileReference section */
		BB56A34E1F46B2FF005A0271 /* meb.app */ = {isa = PBXFileReference; explicitFileType = wrapper.application; includeInIndex = 0; path = meb.app; sourceTree = BUILT_PRODUCTS_DIR; };
		BB56A3511F46B2FF005A0271 /* AppDelegate.swift */ = {isa = PBXFileReference; lastKnownFileType = sourcecode.swift; path = AppDelegate.swift; sourceTree = "<group>"; };
		BB56A3531F46B2FF005A0271 /* ViewController.swift */ = {isa = PBXFileReference; lastKnownFileType = sourcecode.swift; path = ViewController.swift; sourceTree = "<group>"; };
		BB56A3561F46B2FF005A0271 /* Base */ = {isa = PBXFileReference; lastKnownFileType = file.storyboard; name = Base; path = Base.lproj/Main.storyboard; sourceTree = "<group>"; };
		BB56A3581F46B2FF005A0271 /* Assets.xcassets */ = {isa = PBXFileReference; lastKnownFileType = folder.assetcatalog; path = Assets.xcassets; sourceTree = "<group>"; };
		BB56A35B1F46B2FF005A0271 /* Base */ = {isa = PBXFileReference; lastKnownFileType = file.storyboard; name = Base; path = Base.lproj/LaunchScreen.storyboard; sourceTree = "<group>"; };
		BB56A35D1F46B2FF005A0271 /* Info.plist */ = {isa = PBXFileReference; lastKnownFileType = text.plist.xml; path = Info.plist; sourceTree = "<group>"; };
/* End PBXFileReference section */

/* Begin PBXFrameworksBuildPhase section */
		BB56A34B1F46B2FF005A0271 /* Frameworks */ = {
			isa = PBXFrameworksBuildPhase;
			buildActionMask = 2147483647;
			files = (
			);
			runOnlyForDeploymentPostprocessing = 0;
		};
/* End PBXFrameworksBuildPhase section */

/* Begin PBXGroup section */
		BB56A3451F46B2FF005A0271 = {
			isa = PBXGroup;
			children = (
				BB56A3501F46B2FF005A0271 /* meb */,
				BB56A34F1F46B2FF005A0271 /* Products */,
			);
			sourceTree = "<group>";
		};
		BB56A34F1F46B2FF005A0271 /* Products */ = {
			isa = PBXGroup;
			children = (
				BB56A34E1F46B2FF005A0271 /* meb.app */,
			);
			name = Products;
			sourceTree = "<group>";
		};
		BB56A3501F46B2FF005A0271 /* meb */ = {
			isa = PBXGroup;
			children = (
				BB56A3511F46B2FF005A0271 /* AppDelegate.swift */,
				BB56A3531F46B2FF005A0271 /* ViewController.swift */,
				BB56A3551F46B2FF005A0271 /* Main.storyboard */,
				BB56A3581F46B2FF005A0271 /* Assets.xcassets */,
				BB56A35A1F46B2FF005A0271 /* LaunchScreen.storyboard */,
				BB56A35D1F46B2FF005A0271 /* Info.plist */,
			);
			path = meb;
			sourceTree = "<group>";
		};
/* End PBXGroup section */

/* Begin PBXNativeTarget section */
		BB56A34D1F46B2FF005A0271 /* meb */ = {
			isa = PBXNativeTarget;
			buildConfigurationList = BB56A3601F46B2FF005A0271 /* Build configuration list for PBXNativeTarget "meb" */;
			buildPhases = (
				BB56A34A1F46B2FF005A0271 /* Sources */,
				BB56A34B1F46B2FF005A0271 /* Frameworks */,
				BB56A34C1F46B2FF005A0271 /* Resources */,
			);
			buildRules = (
			);
			dependencies = (
			);
			name = meb;
			productName = meb;
			productReference = BB56A34E1F46B2FF005A0271 /* meb.app */;
			productType = "com.apple.product-type.application";
		};
/* End PBXNativeTarget section */

/* Begin PBXProject section */
		BB56A3461F46B2FF005A0271 /* Project object */ = {
			isa = PBXProject;
			attributes = {
				LastSwiftUpdateCheck = 0830;
				LastUpgradeCheck = 0830;
				ORGANIZATIONNAME = "mayel espino";
				TargetAttributes = {
					BB56A34D1F46B2FF005A0271 = {
						CreatedOnToolsVersion = 8.3.3;
						DevelopmentTeam = LLT9G47FBP;
						ProvisioningStyle = Automatic;
					};
				};
			};
			buildConfigurationList = BB56A3491F46B2FF005A0271 /* Build configuration list for PBXProject "meb" */;
			compatibilityVersion = "Xcode 3.2";
			developmentRegion = English;
			hasScannedForEncodings = 0;
			knownRegions = (
				en,
				Base,
			);
			mainGroup = BB56A3451F46B2FF005A0271;
			productRefGroup = BB56A34F1F46B2FF005A0271 /* Products */;
			projectDirPath = "";
			projectRoot = "";
			targets = (
				BB56A34D1F46B2FF005A0271 /* meb */,
			);
		};
/* End PBXProject section */

/* Begin PBXResourcesBuildPhase section */
		BB56A34C1F46B2FF005A0271 /* Resources */ = {
			isa = PBXResourcesBuildPhase;
			buildActionMask = 2147483647;
			files = (
				BB56A35C1F46B2FF005A0271 /* LaunchScreen.storyboard in Resources */,
				BB56A3591F46B2FF005A0271 /* Assets.xcassets in Resources */,
				BB56A3571F46B2FF005A0271 /* Main.storyboard in Resources */,
			);
			runOnlyForDeploymentPostprocessing = 0;
		};
/* End PBXResourcesBuildPhase section */

/* Begin PBXSourcesBuildPhase section */
		BB56A34A1F46B2FF005A0271 /* Sources */ = {
			isa = PBXSourcesBuildPhase;
			buildActionMask = 2147483647;
			files = (
				BB56A3541F46B2FF005A0271 /* ViewController.swift in Sources */,
				BB56A3521F46B2FF005A0271 /* AppDelegate.swift in Sources */,
			);
			runOnlyForDeploymentPostprocessing = 0;
		};
/* End PBXSourcesBuildPhase section */

/* Begin PBXVariantGroup section */
		BB56A3551F46B2FF005A0271 /* Main.storyboard */ = {
			isa = PBXVariantGroup;
			children = (
				BB56A3561F46B2FF005A0271 /* Base */,
			);
			name = Main.storyboard;
			sourceTree = "<group>";
		};
		BB56A35A1F46B2FF005A0271 /* LaunchScreen.storyboard */ = {
			isa = PBXVariantGroup;
			children = (
				BB56A35B1F46B2FF005A0271 /* Base */,
			);
			name = LaunchScreen.storyboard;
			sourceTree = "<group>";
		};
/* End PBXVariantGroup section */

/* Begin XCBuildConfiguration section */
		BB56A35E1F46B2FF005A0271 /* Debug */ = {
			isa = XCBuildConfiguration;
			buildSettings = {
				ALWAYS_SEARCH_USER_PATHS = NO;
				CLANG_ANALYZER_NONNULL = YES;
				CLANG_ANALYZER_NUMBER_OBJECT_CONVERSION = YES_AGGRESSIVE;
				CLANG_CXX_LANGUAGE_STANDARD = "gnu++0x";
				CLANG_CXX_LIBRARY = "libc++";
				CLANG_ENABLE_MODULES = YES;
				CLANG_ENABLE_OBJC_ARC = YES;
				CLANG_WARN_BOOL_CONVERSION = YES;
				CLANG_WARN_CONSTANT_CONVERSION = YES;
				CLANG_WARN_DIRECT_OBJC_ISA_USAGE = YES_ERROR;
				CLANG_WARN_DOCUMENTATION_COMMENTS = YES;
				CLANG_WARN_EMPTY_BODY = YES;
				CLANG_WARN_ENUM_CONVERSION = YES;
				CLANG_WARN_INFINITE_RECURSION = YES;
				CLANG_WARN_INT_CONVERSION = YES;
				CLANG_WARN_OBJC_ROOT_CLASS = YES_ERROR;
				CLANG_WARN_SUSPICIOUS_MOVE = YES;
				CLANG_WARN_UNREACHABLE_CODE = YES;
				CLANG_WARN__DUPLICATE_METHOD_MATCH = YES;
				"CODE_SIGN_IDENTITY[sdk=iphoneos*]" = "iPhone Developer";
				COPY_PHASE_STRIP = NO;
				DEBUG_INFORMATION_FORMAT = dwarf;
				ENABLE_STRICT_OBJC_MSGSEND = YES;
				ENABLE_TESTABILITY = YES;
				GCC_C_LANGUAGE_STANDARD = gnu99;
				GCC_DYNAMIC_NO_PIC = NO;
				GCC_NO_COMMON_BLOCKS = YES;
				GCC_OPTIMIZATION_LEVEL = 0;
				GCC_PREPROCESSOR_DEFINITIONS = (
					"DEBUG=1",
					"$(inherited)",
				);
				GCC_WARN_64_TO_32_BIT_CONVERSION = YES;
				GCC_WARN_ABOUT_RETURN_TYPE = YES_ERROR;
				GCC_WARN_UNDECLARED_SELECTOR = YES;
				GCC_WARN_UNINITIALIZED_AUTOS = YES_AGGRESSIVE;
				GCC_WARN_UNUSED_FUNCTION = YES;
				GCC_WARN_UNUSED_VARIABLE = YES;
				IPHONEOS_DEPLOYMENT_TARGET = 10.3;
				MTL_ENABLE_DEBUG_INFO = YES;
				ONLY_ACTIVE_ARCH = YES;
				SDKROOT = iphoneos;
				SWIFT_ACTIVE_COMPILATION_CONDITIONS = DEBUG;
				SWIFT_OPTIMIZATION_LEVEL = "-Onone";
			};
			name = Debug;
		};
		BB56A35F1F46B2FF005A0271 /* Release */ = {
			isa = XCBuildConfiguration;
			buildSettings = {
				ALWAYS_SEARCH_USER_PATHS = NO;
				CLANG_ANALYZER_NONNULL = YES;
				CLANG_ANALYZER_NUMBER_OBJECT_CONVERSION = YES_AGGRESSIVE;
				CLANG_CXX_LANGUAGE_STANDARD = "gnu++0x";
				CLANG_CXX_LIBRARY = "libc++";
				CLANG_ENABLE_MODULES = YES;
				CLANG_ENABLE_OBJC_ARC = YES;
				CLANG_WARN_BOOL_CONVERSION = YES;
				CLANG_WARN_CONSTANT_CONVERSION = YES;
				CLANG_WARN_DIRECT_OBJC_ISA_USAGE = YES_ERROR;
				CLANG_WARN_DOCUMENTATION_COMMENTS = YES;
				CLANG_WARN_EMPTY_BODY = YES;
				CLANG_WARN_ENUM_CONVERSION = YES;
				CLANG_WARN_INFINITE_RECURSION = YES;
				CLANG_WARN_INT_CONVERSION = YES;
				CLANG_WARN_OBJC_ROOT_CLASS = YES_ERROR;
				CLANG_WARN_SUSPICIOUS_MOVE = YES;
				CLANG_WARN_UNREACHABLE_CODE = YES;
				CLANG_WARN__DUPLICATE_METHOD_MATCH = YES;
				"CODE_SIGN_IDENTITY[sdk=iphoneos*]" = "iPhone Developer";
				COPY_PHASE_STRIP = NO;
				DEBUG_INFORMATION_FORMAT = "dwarf-with-dsym";
				ENABLE_NS_ASSERTIONS = NO;
				ENABLE_STRICT_OBJC_MSGSEND = YES;
				GCC_C_LANGUAGE_STANDARD = gnu99;
				GCC_NO_COMMON_BLOCKS = YES;
				GCC_WARN_64_TO_32_BIT_CONVERSION = YES;
				GCC_WARN_ABOUT_RETURN_TYPE = YES_ERROR;
				GCC_WARN_UNDECLARED_SELECTOR = YES;
				GCC_WARN_UNINITIALIZED_AUTOS = YES_AGGRESSIVE;
				GCC_WARN_UNUSED_FUNCTION = YES;
				GCC_WARN_UNUSED_VARIABLE = YES;
				IPHONEOS_DEPLOYMENT_TARGET = 10.3;
				MTL_ENABLE_DEBUG_INFO = NO;
				SDKROOT = iphoneos;
				SWIFT_OPTIMIZATION_LEVEL = "-Owholemodule";
				VALIDATE_PRODUCT = YES;
			};
			name = Release;
		};
		BB56A3611F46B2FF005A0271 /* Debug */ = {
			isa = XCBuildConfiguration;
			buildSettings = {
				ASSETCATALOG_COMPILER_APPICON_NAME = AppIcon;
				DEVELOPMENT_TEAM = LLT9G47FBP;
				INFOPLIST_FILE = meb/Info.plist;
				LD_RUNPATH_SEARCH_PATHS = "$(inherited) @executable_path/Frameworks";
				PRODUCT_BUNDLE_IDENTIFIER = com.mayelespino.meb;
				PRODUCT_NAME = "$(TARGET_NAME)";
				SWIFT_VERSION = 3.0;
			};
			name = Debug;
		};
		BB56A3621F46B2FF005A0271 /* Release */ = {
			isa = XCBuildConfiguration;
			buildSettings = {
				ASSETCATALOG_COMPILER_APPICON_NAME = AppIcon;
				DEVELOPMENT_TEAM = LLT9G47FBP;
				INFOPLIST_FILE = meb/Info.plist;
				LD_RUNPATH_SEARCH_PATHS = "$(inherited) @executable_path/Frameworks";
				PRODUCT_BUNDLE_IDENTIFIER = com.mayelespino.meb;
				PRODUCT_NAME = "$(TARGET_NAME)";
				SWIFT_VERSION = 3.0;
			};
			name = Release;
		};
/* End XCBuildConfiguration section */

/* Begin XCConfigurationList section */
		BB56A3491F46B2FF005A0271 /* Build configuration list for PBXProject "meb" */ = {
			isa = XCConfigurationList;
			buildConfigurations = (
				BB56A35E1F46B2FF005A0271 /* Debug */,
				BB56A35F1F46B2FF005A0271 /* Release */,
			);
			defaultConfigurationIsVisible = 0;
			defaultConfigurationName = Release;
		};
		BB56A3601F46B2FF005A0271 /* Build configuration list for PBXNativeTarget "meb" */ = {
			isa = XCConfigurationList;
			buildConfigurations = (
				BB56A3611F46B2FF005A0271 /* Debug */,
				BB56A3621F46B2FF005A0271 /* Release */,
			);
			defaultConfigurationIsVisible = 0;
		};
/* End XCConfigurationList section */
	};
	rootObject = BB56A3461F46B2FF005A0271 /* Project object */;
}
